
Microsoft Visual Studio Solution File, Format Version 12.00
#
Project("{FAE04EC0-301F-11D3-BF4B-00C04F79EFBC}") = "practice_sr", "practice_sr\practice_sr.csproj", "{E92D31FB-0DB7-4B66-92CC-8ACD43856366}"
EndProject
Project("{FAE04EC0-301F-11D3-BF4B-00C04F79EFBC}") = "CleanArchitecture.Domain", "CleanArchitecture.Domain\CleanArchitecture.Domain.csproj", "{DAB6A070-1C97-4B94-B35A-B179E05295D9}"
EndProject
Project("{FAE04EC0-301F-11D3-BF4B-00C04F79EFBC}") = "CleanArchitecture.Data", "CleanArchitecture.Data\CleanArchitecture.Data.csproj", "{F1D759AB-2D9F-4AD0-9D0A-752D970D0B9B}"
EndProject
Project("{FAE04EC0-301F-11D3-BF4B-00C04F79EFBC}") = "CleanArchitecture.App", "CleanArchitecture.App\CleanArchitecture.App.csproj", "{71D73243-C4BE-4C07-A82C-3F6E3EC2DAA8}"
EndProject
Project("{2150E333-8FDC-42A3-9474-1A3956D46DE8}") = "src", "src", "{00D227F7-2F7E-492A-AF2F-5EC4A559D643}"
EndProject
Project("{2150E333-8FDC-42A3-9474-1A3956D46DE8}") = "doc", "doc", "{46E284E9-D6AC-42AC-A52B-D93EE61820B7}"
EndProject
Project("{2150E333-8FDC-42A3-9474-1A3956D46DE8}") = "test", "test", "{B23D7FDF-AE17-42F9-A6F9-CEC2AA441E84}"
EndProject
Project("{2150E333-8FDC-42A3-9474-1A3956D46DE8}") = "API", "API", "{7DD7188F-D747-437D-B6FC-F8D18C3C07EE}"
EndProject
Project("{2150E333-8FDC-42A3-9474-1A3956D46DE8}") = "Core", "Core", "{9DF737DB-17B1-4D72-A7DB-FCA7EA8DF39D}"
EndProject
Project("{2150E333-8FDC-42A3-9474-1A3956D46DE8}") = "Infrastructure", "Infrastructure", "{049EF1CA-F5A0-4118-8D6A-27EE16391721}"
EndProject
Project("{2150E333-8FDC-42A3-9474-1A3956D46DE8}") = "practice_legacy", "practice_legacy", "{3D7FD172-54E1-4C1F-A20E-7FBF230700B3}"
EndProject
Global
	GlobalSection(SolutionConfigurationPlatforms) = preSolution
		Debug|Any CPU = Debug|Any CPU
		Release|Any CPU = Release|Any CPU
	EndGlobalSection
	GlobalSection(ProjectConfigurationPlatforms) = postSolution
		{E92D31FB-0DB7-4B66-92CC-8ACD43856366}.Debug|Any CPU.ActiveCfg = Debug|Any CPU
		{E92D31FB-0DB7-4B66-92CC-8ACD43856366}.Debug|Any CPU.Build.0 = Debug|Any CPU
		{E92D31FB-0DB7-4B66-92CC-8ACD43856366}.Release|Any CPU.ActiveCfg = Release|Any CPU
		{E92D31FB-0DB7-4B66-92CC-8ACD43856366}.Release|Any CPU.Build.0 = Release|Any CPU
		{DAB6A070-1C97-4B94-B35A-B179E05295D9}.Debug|Any CPU.ActiveCfg = Debug|Any CPU
		{DAB6A070-1C97-4B94-B35A-B179E05295D9}.Debug|Any CPU.Build.0 = Debug|Any CPU
		{DAB6A070-1C97-4B94-B35A-B179E05295D9}.Release|Any CPU.ActiveCfg = Release|Any CPU
		{DAB6A070-1C97-4B94-B35A-B179E05295D9}.Release|Any CPU.Build.0 = Release|Any CPU
		{F1D759AB-2D9F-4AD0-9D0A-752D970D0B9B}.Debug|Any CPU.ActiveCfg = Debug|Any CPU
		{F1D759AB-2D9F-4AD0-9D0A-752D970D0B9B}.Debug|Any CPU.Build.0 = Debug|Any CPU
		{F1D759AB-2D9F-4AD0-9D0A-752D970D0B9B}.Release|Any CPU.ActiveCfg = Release|Any CPU
		{F1D759AB-2D9F-4AD0-9D0A-752D970D0B9B}.Release|Any CPU.Build.0 = Release|Any CPU
		{71D73243-C4BE-4C07-A82C-3F6E3EC2DAA8}.Debug|Any CPU.ActiveCfg = Debug|Any CPU
		{71D73243-C4BE-4C07-A82C-3F6E3EC2DAA8}.Debug|Any CPU.Build.0 = Debug|Any CPU
		{71D73243-C4BE-4C07-A82C-3F6E3EC2DAA8}.Release|Any CPU.ActiveCfg = Release|Any CPU
		{71D73243-C4BE-4C07-A82C-3F6E3EC2DAA8}.Release|Any CPU.Build.0 = Release|Any CPU
	EndGlobalSection
	GlobalSection(NestedProjects) = preSolution
		{7DD7188F-D747-437D-B6FC-F8D18C3C07EE} = {00D227F7-2F7E-492A-AF2F-5EC4A559D643}
		{9DF737DB-17B1-4D72-A7DB-FCA7EA8DF39D} = {00D227F7-2F7E-492A-AF2F-5EC4A559D643}
		{049EF1CA-F5A0-4118-8D6A-27EE16391721} = {00D227F7-2F7E-492A-AF2F-5EC4A559D643}
		{71D73243-C4BE-4C07-A82C-3F6E3EC2DAA8} = {3D7FD172-54E1-4C1F-A20E-7FBF230700B3}
		{F1D759AB-2D9F-4AD0-9D0A-752D970D0B9B} = {049EF1CA-F5A0-4118-8D6A-27EE16391721}
		{DAB6A070-1C97-4B94-B35A-B179E05295D9} = {9DF737DB-17B1-4D72-A7DB-FCA7EA8DF39D}
		{E92D31FB-0DB7-4B66-92CC-8ACD43856366} = {3D7FD172-54E1-4C1F-A20E-7FBF230700B3}
	EndGlobalSection
EndGlobal
